
Microsoft Visual Studio Solution File, Format Version 12.00
# Visual Studio Version 16
VisualStudioVersion = 16.0.31702.278
MinimumVisualStudioVersion = 10.0.40219.1
Project("{FAE04EC0-301F-11D3-BF4B-00C04F79EFBC}") = "Momkn.Api", "Momkn.Api\Momkn.Api.csproj", "{324A04DF-FDA0-40E3-9F63-4D6C40A4ACC2}"
EndProject
Project("{FAE04EC0-301F-11D3-BF4B-00C04F79EFBC}") = "Momkn.Core", "Momkn.Core\Momkn.Core.csproj", "{DEC8DE7B-BD3F-4E1C-B622-215D823E31B6}"
EndProject
Project("{FAE04EC0-301F-11D3-BF4B-00C04F79EFBC}") = "Momkn.Infrastructure", "Momkn.Infrastructure\Momkn.Infrastructure.csproj", "{1A873E21-567E-4B15-BB8C-3F694A2CD5DF}"
EndProject
Global
	GlobalSection(SolutionConfigurationPlatforms) = preSolution
		Debug|Any CPU = Debug|Any CPU
		Release|Any CPU = Release|Any CPU
	EndGlobalSection
	GlobalSection(ProjectConfigurationPlatforms) = postSolution
		{324A04DF-FDA0-40E3-9F63-4D6C40A4ACC2}.Debug|Any CPU.ActiveCfg = Debug|Any CPU
		{324A04DF-FDA0-40E3-9F63-4D6C40A4ACC2}.Debug|Any CPU.Build.0 = Debug|Any CPU
		{324A04DF-FDA0-40E3-9F63-4D6C40A4ACC2}.Release|Any CPU.ActiveCfg = Release|Any CPU
		{324A04DF-FDA0-40E3-9F63-4D6C40A4ACC2}.Release|Any CPU.Build.0 = Release|Any CPU
		{DEC8DE7B-BD3F-4E1C-B622-215D823E31B6}.Debug|Any CPU.ActiveCfg = Debug|Any CPU
		{DEC8DE7B-BD3F-4E1C-B622-215D823E31B6}.Debug|Any CPU.Build.0 = Debug|Any CPU
		{DEC8DE7B-BD3F-4E1C-B622-215D823E31B6}.Release|Any CPU.ActiveCfg = Release|Any CPU
		{DEC8DE7B-BD3F-4E1C-B622-215D823E31B6}.Release|Any CPU.Build.0 = Release|Any CPU
		{1A873E21-567E-4B15-BB8C-3F694A2CD5DF}.Debug|Any CPU.ActiveCfg = Debug|Any CPU
		{1A873E21-567E-4B15-BB8C-3F694A2CD5DF}.Debug|Any CPU.Build.0 = Debug|Any CPU
		{1A873E21-567E-4B15-BB8C-3F694A2CD5DF}.Release|Any CPU.ActiveCfg = Release|Any CPU
		{1A873E21-567E-4B15-BB8C-3F694A2CD5DF}.Release|Any CPU.Build.0 = Release|Any CPU
	EndGlobalSection
	GlobalSection(SolutionProperties) = preSolution
		HideSolutionNode = FALSE
	EndGlobalSection
	GlobalSection(ExtensibilityGlobals) = postSolution
		SolutionGuid = {D02507B6-42B7-4968-B6A0-ED646DD95759}
	EndGlobalSection
EndGlobal
